
Microsoft Visual Studio Solution File, Format Version 12.00
# Visual Studio for Mac
Project("{FAE04EC0-301F-11D3-BF4B-00C04F79EFBC}") = "CUCI_AR", "CUCI_AR.csproj", "{258C3A1F-74BC-230E-FDB4-AC9FBE9DB3CC}"
EndProject
Project("{FAE04EC0-301F-11D3-BF4B-00C04F79EFBC}") = "CUCI_AR.Editor", "CUCI_AR.Editor.csproj", "{DAED0DA7-1D46-7C12-8CC4-AEEA169AB5DF}"
EndProject
Global
	GlobalSection(SolutionConfigurationPlatforms) = preSolution
		Debug|Any CPU = Debug|Any CPU
		Release|Any CPU = Release|Any CPU
	EndGlobalSection
	GlobalSection(ProjectConfigurationPlatforms) = postSolution
		{258C3A1F-74BC-230E-FDB4-AC9FBE9DB3CC}.Debug|Any CPU.ActiveCfg = Debug|Any CPU
		{258C3A1F-74BC-230E-FDB4-AC9FBE9DB3CC}.Debug|Any CPU.Build.0 = Debug|Any CPU
		{258C3A1F-74BC-230E-FDB4-AC9FBE9DB3CC}.Release|Any CPU.ActiveCfg = Release|Any CPU
		{258C3A1F-74BC-230E-FDB4-AC9FBE9DB3CC}.Release|Any CPU.Build.0 = Release|Any CPU
		{DAED0DA7-1D46-7C12-8CC4-AEEA169AB5DF}.Debug|Any CPU.ActiveCfg = Debug|Any CPU
		{DAED0DA7-1D46-7C12-8CC4-AEEA169AB5DF}.Debug|Any CPU.Build.0 = Debug|Any CPU
		{DAED0DA7-1D46-7C12-8CC4-AEEA169AB5DF}.Release|Any CPU.ActiveCfg = Release|Any CPU
		{DAED0DA7-1D46-7C12-8CC4-AEEA169AB5DF}.Release|Any CPU.Build.0 = Release|Any CPU
	EndGlobalSection
	GlobalSection(SolutionProperties) = preSolution
		HideSolutionNode = FALSE
	EndGlobalSection
EndGlobal
